
Microsoft Visual Studio Solution File, Format Version 11.00
# Visual Studio 2010
Project("{FAE04EC0-301F-11D3-BF4B-00C04F79EFBC}") = "Specifications", "Specifications\Specifications.csproj", "{B969067A-9058-4E3B-B88B-893E4AF5C458}"
EndProject
Project("{FAE04EC0-301F-11D3-BF4B-00C04F79EFBC}") = "Implementation", "Implementation\Implementation.csproj", "{8100390A-5A3C-45A7-BB8D-E287A6788154}"
EndProject
Global
	GlobalSection(SolutionConfigurationPlatforms) = preSolution
		Debug|Any CPU = Debug|Any CPU
		Release|Any CPU = Release|Any CPU
	EndGlobalSection
	GlobalSection(ProjectConfigurationPlatforms) = postSolution
		{B969067A-9058-4E3B-B88B-893E4AF5C458}.Debug|Any CPU.ActiveCfg = Debug|Any CPU
		{B969067A-9058-4E3B-B88B-893E4AF5C458}.Debug|Any CPU.Build.0 = Debug|Any CPU
		{B969067A-9058-4E3B-B88B-893E4AF5C458}.Release|Any CPU.ActiveCfg = Release|Any CPU
		{B969067A-9058-4E3B-B88B-893E4AF5C458}.Release|Any CPU.Build.0 = Release|Any CPU
		{8100390A-5A3C-45A7-BB8D-E287A6788154}.Debug|Any CPU.ActiveCfg = Debug|Any CPU
		{8100390A-5A3C-45A7-BB8D-E287A6788154}.Debug|Any CPU.Build.0 = Debug|Any CPU
		{8100390A-5A3C-45A7-BB8D-E287A6788154}.Release|Any CPU.ActiveCfg = Release|Any CPU
		{8100390A-5A3C-45A7-BB8D-E287A6788154}.Release|Any CPU.Build.0 = Release|Any CPU
	EndGlobalSection
	GlobalSection(SolutionProperties) = preSolution
		HideSolutionNode = FALSE
	EndGlobalSection
EndGlobal
